
Microsoft Visual Studio Solution File, Format Version 12.00
# Visual Studio Version 16
VisualStudioVersion = 16.0.31424.327
MinimumVisualStudioVersion = 10.0.40219.1
Project("{9A19103F-16F7-4668-BE54-9A1E7A4F7556}") = "Technology", "Technology\Technology.csproj", "{10536B3E-CEC5-4E43-B982-736D6E5E53A1}"
EndProject
Project("{FAE04EC0-301F-11D3-BF4B-00C04F79EFBC}") = "TechnologyTests", "TechnologyTests\TechnologyTests.csproj", "{12526B42-26B5-455D-921C-0168A8E6510B}"
EndProject
Global
	GlobalSection(SolutionConfigurationPlatforms) = preSolution
		Debug|Any CPU = Debug|Any CPU
		Release|Any CPU = Release|Any CPU
	EndGlobalSection
	GlobalSection(ProjectConfigurationPlatforms) = postSolution
		{10536B3E-CEC5-4E43-B982-736D6E5E53A1}.Debug|Any CPU.ActiveCfg = Debug|Any CPU
		{10536B3E-CEC5-4E43-B982-736D6E5E53A1}.Debug|Any CPU.Build.0 = Debug|Any CPU
		{10536B3E-CEC5-4E43-B982-736D6E5E53A1}.Release|Any CPU.ActiveCfg = Release|Any CPU
		{10536B3E-CEC5-4E43-B982-736D6E5E53A1}.Release|Any CPU.Build.0 = Release|Any CPU
		{12526B42-26B5-455D-921C-0168A8E6510B}.Debug|Any CPU.ActiveCfg = Debug|Any CPU
		{12526B42-26B5-455D-921C-0168A8E6510B}.Debug|Any CPU.Build.0 = Debug|Any CPU
		{12526B42-26B5-455D-921C-0168A8E6510B}.Release|Any CPU.ActiveCfg = Release|Any CPU
		{12526B42-26B5-455D-921C-0168A8E6510B}.Release|Any CPU.Build.0 = Release|Any CPU
	EndGlobalSection
	GlobalSection(SolutionProperties) = preSolution
		HideSolutionNode = FALSE
	EndGlobalSection
	GlobalSection(ExtensibilityGlobals) = postSolution
		SolutionGuid = {3C1971D9-5FD2-4551-9485-15F9EA510456}
	EndGlobalSection
EndGlobal
